
Microsoft Visual Studio Solution File, Format Version 12.00
# Visual Studio Version 17
VisualStudioVersion = 17.12.35527.113 d17.12
MinimumVisualStudioVersion = 10.0.40219.1
Project("{FAE04EC0-301F-11D3-BF4B-00C04F79EFBC}") = "AS2425.3F.INF.Prof.DataSet", "AS2425.3F.INF.Prof.DataSet\AS2425.3F.INF.Prof.DataSet.csproj", "{4FC0C229-EDA9-40B0-9E45-7F35CF04F8AB}"
EndProject
Global
	GlobalSection(SolutionConfigurationPlatforms) = preSolution
		Debug|Any CPU = Debug|Any CPU
		Release|Any CPU = Release|Any CPU
	EndGlobalSection
	GlobalSection(ProjectConfigurationPlatforms) = postSolution
		{4FC0C229-EDA9-40B0-9E45-7F35CF04F8AB}.Debug|Any CPU.ActiveCfg = Debug|Any CPU
		{4FC0C229-EDA9-40B0-9E45-7F35CF04F8AB}.Debug|Any CPU.Build.0 = Debug|Any CPU
		{4FC0C229-EDA9-40B0-9E45-7F35CF04F8AB}.Release|Any CPU.ActiveCfg = Release|Any CPU
		{4FC0C229-EDA9-40B0-9E45-7F35CF04F8AB}.Release|Any CPU.Build.0 = Release|Any CPU
	EndGlobalSection
	GlobalSection(SolutionProperties) = preSolution
		HideSolutionNode = FALSE
	EndGlobalSection
EndGlobal
